// !$*UTF8*$!
{
	archiveVersion = 1;
	classes = {
	};
	objectVersion = 46;
	objects = {

/* Begin PBXBuildFile section */
		EF5B112E1D6E9CA80045FB48 /* main.m in Sources */ = {isa = PBXBuildFile; fileRef = EF5B112D1D6E9CA80045FB48 /* main.m */; };
		EF5B11311D6E9CA80045FB48 /* AppDelegate.m in Sources */ = {isa = PBXBuildFile; fileRef = EF5B11301D6E9CA80045FB48 /* AppDelegate.m */; };
		EF5B11341D6E9CA80045FB48 /* ViewController.m in Sources */ = {isa = PBXBuildFile; fileRef = EF5B11331D6E9CA80045FB48 /* ViewController.m */; };
		EF5B11371D6E9CA80045FB48 /* Main.storyboard in Resources */ = {isa = PBXBuildFile; fileRef = EF5B11351D6E9CA80045FB48 /* Main.storyboard */; };
		EF5B11391D6E9CA80045FB48 /* Assets.xcassets in Resources */ = {isa = PBXBuildFile; fileRef = EF5B11381D6E9CA80045FB48 /* Assets.xcassets */; };
		EF5B113C1D6E9CA80045FB48 /* LaunchScreen.storyboard in Resources */ = {isa = PBXBuildFile; fileRef = EF5B113A1D6E9CA80045FB48 /* LaunchScreen.storyboard */; };
/* End PBXBuildFile section */

/* Begin PBXFileReference section */
		EF5B11291D6E9CA80045FB48 /* 01-RunLoop的相关类.app */ = {isa = PBXFileReference; explicitFileType = wrapper.application; includeInIndex = 0; path = "01-RunLoop的相关类.app"; sourceTree = BUILT_PRODUCTS_DIR; };
		EF5B112D1D6E9CA80045FB48 /* main.m */ = {isa = PBXFileReference; lastKnownFileType = sourcecode.c.objc; path = main.m; sourceTree = "<group>"; };
		EF5B112F1D6E9CA80045FB48 /* AppDelegate.h */ = {isa = PBXFileReference; lastKnownFileType = sourcecode.c.h; path = AppDelegate.h; sourceTree = "<group>"; };
		EF5B11301D6E9CA80045FB48 /* AppDelegate.m */ = {isa = PBXFileReference; lastKnownFileType = sourcecode.c.objc; path = AppDelegate.m; sourceTree = "<group>"; };
		EF5B11321D6E9CA80045FB48 /* ViewController.h */ = {isa = PBXFileReference; lastKnownFileType = sourcecode.c.h; path = ViewController.h; sourceTree = "<group>"; };
		EF5B11331D6E9CA80045FB48 /* ViewController.m */ = {isa = PBXFileReference; lastKnownFileType = sourcecode.c.objc; path = ViewController.m; sourceTree = "<group>"; };
		EF5B11361D6E9CA80045FB48 /* Base */ = {isa = PBXFileReference; lastKnownFileType = file.storyboard; name = Base; path = Base.lproj/Main.storyboard; sourceTree = "<group>"; };
		EF5B11381D6E9CA80045FB48 /* Assets.xcassets */ = {isa = PBXFileReference; lastKnownFileType = folder.assetcatalog; path = Assets.xcassets; sourceTree = "<group>"; };
		EF5B113B1D6E9CA80045FB48 /* Base */ = {isa = PBXFileReference; lastKnownFileType = file.storyboard; name = Base; path = Base.lproj/LaunchScreen.storyboard; sourceTree = "<group>"; };
		EF5B113D1D6E9CA80045FB48 /* Info.plist */ = {isa = PBXFileReference; lastKnownFileType = text.plist.xml; path = Info.plist; sourceTree = "<group>"; };
/* End PBXFileReference section */

/* Begin PBXFrameworksBuildPhase section */
		EF5B11261D6E9CA80045FB48 /* Frameworks */ = {
			isa = PBXFrameworksBuildPhase;
			buildActionMask = 2147483647;
			files = (
			);
			runOnlyForDeploymentPostprocessing = 0;
		};
/* End PBXFrameworksBuildPhase section */

/* Begin PBXGroup section */
		EF5B11201D6E9CA80045FB48 = {
			isa = PBXGroup;
			children = (
				EF5B112B1D6E9CA80045FB48 /* 01-RunLoop的相关类 */,
				EF5B112A1D6E9CA80045FB48 /* Products */,
			);
			sourceTree = "<group>";
		};
		EF5B112A1D6E9CA80045FB48 /* Products */ = {
			isa = PBXGroup;
			children = (
				EF5B11291D6E9CA80045FB48 /* 01-RunLoop的相关类.app */,
			);
			name = Products;
			sourceTree = "<group>";
		};
		EF5B112B1D6E9CA80045FB48 /* 01-RunLoop的相关类 */ = {
			isa = PBXGroup;
			children = (
				EF5B112F1D6E9CA80045FB48 /* AppDelegate.h */,
				EF5B11301D6E9CA80045FB48 /* AppDelegate.m */,
				EF5B11321D6E9CA80045FB48 /* ViewController.h */,
				EF5B11331D6E9CA80045FB48 /* ViewController.m */,
				EF5B11351D6E9CA80045FB48 /* Main.storyboard */,
				EF5B11381D6E9CA80045FB48 /* Assets.xcassets */,
				EF5B113A1D6E9CA80045FB48 /* LaunchScreen.storyboard */,
				EF5B113D1D6E9CA80045FB48 /* Info.plist */,
				EF5B112C1D6E9CA80045FB48 /* Supporting Files */,
			);
			path = "01-RunLoop的相关类";
			sourceTree = "<group>";
		};
		EF5B112C1D6E9CA80045FB48 /* Supporting Files */ = {
			isa = PBXGroup;
			children = (
				EF5B112D1D6E9CA80045FB48 /* main.m */,
			);
			name = "Supporting Files";
			sourceTree = "<group>";
		};
/* End PBXGroup section */

/* Begin PBXNativeTarget section */
		EF5B11281D6E9CA80045FB48 /* 01-RunLoop的相关类 */ = {
			isa = PBXNativeTarget;
			buildConfigurationList = EF5B11401D6E9CA80045FB48 /* Build configuration list for PBXNativeTarget "01-RunLoop的相关类" */;
			buildPhases = (
				EF5B11251D6E9CA80045FB48 /* Sources */,
				EF5B11261D6E9CA80045FB48 /* Frameworks */,
				EF5B11271D6E9CA80045FB48 /* Resources */,
			);
			buildRules = (
			);
			dependencies = (
			);
			name = "01-RunLoop的相关类";
			productName = "01-RunLoop的相关类";
			productReference = EF5B11291D6E9CA80045FB48 /* 01-RunLoop的相关类.app */;
			productType = "com.apple.product-type.application";
		};
/* End PBXNativeTarget section */

/* Begin PBXProject section */
		EF5B11211D6E9CA80045FB48 /* Project object */ = {
			isa = PBXProject;
			attributes = {
				LastUpgradeCheck = 0730;
				ORGANIZATIONNAME = iso9007;
				TargetAttributes = {
					EF5B11281D6E9CA80045FB48 = {
						CreatedOnToolsVersion = 7.3.1;
					};
				};
			};
			buildConfigurationList = EF5B11241D6E9CA80045FB48 /* Build configuration list for PBXProject "01-RunLoop的相关类" */;
			compatibilityVersion = "Xcode 3.2";
			developmentRegion = English;
			hasScannedForEncodings = 0;
			knownRegions = (
				en,
				Base,
			);
			mainGroup = EF5B11201D6E9CA80045FB48;
			productRefGroup = EF5B112A1D6E9CA80045FB48 /* Products */;
			projectDirPath = "";
			projectRoot = "";
			targets = (
				EF5B11281D6E9CA80045FB48 /* 01-RunLoop的相关类 */,
			);
		};
/* End PBXProject section */

/* Begin PBXResourcesBuildPhase section */
		EF5B11271D6E9CA80045FB48 /* Resources */ = {
			isa = PBXResourcesBuildPhase;
			buildActionMask = 2147483647;
			files = (
				EF5B113C1D6E9CA80045FB48 /* LaunchScreen.storyboard in Resources */,
				EF5B11391D6E9CA80045FB48 /* Assets.xcassets in Resources */,
				EF5B11371D6E9CA80045FB48 /* Main.storyboard in Resources */,
			);
			runOnlyForDeploymentPostprocessing = 0;
		};
/* End PBXResourcesBuildPhase section */

/* Begin PBXSourcesBuildPhase section */
		EF5B11251D6E9CA80045FB48 /* Sources */ = {
			isa = PBXSourcesBuildPhase;
			buildActionMask = 2147483647;
			files = (
				EF5B11341D6E9CA80045FB48 /* ViewController.m in Sources */,
				EF5B11311D6E9CA80045FB48 /* AppDelegate.m in Sources */,
				EF5B112E1D6E9CA80045FB48 /* main.m in Sources */,
			);
			runOnlyForDeploymentPostprocessing = 0;
		};
/* End PBXSourcesBuildPhase section */

/* Begin PBXVariantGroup section */
		EF5B11351D6E9CA80045FB48 /* Main.storyboard */ = {
			isa = PBXVariantGroup;
			children = (
				EF5B11361D6E9CA80045FB48 /* Base */,
			);
			name = Main.storyboard;
			sourceTree = "<group>";
		};
		EF5B113A1D6E9CA80045FB48 /* LaunchScreen.storyboard */ = {
			isa = PBXVariantGroup;
			children = (
				EF5B113B1D6E9CA80045FB48 /* Base */,
			);
			name = LaunchScreen.storyboard;
			sourceTree = "<group>";
		};
/* End PBXVariantGroup section */

/* Begin XCBuildConfiguration section */
		EF5B113E1D6E9CA80045FB48 /* Debug */ = {
			isa = XCBuildConfiguration;
			buildSettings = {
				ALWAYS_SEARCH_USER_PATHS = NO;
				CLANG_ANALYZER_NONNULL = YES;
				CLANG_CXX_LANGUAGE_STANDARD = "gnu++0x";
				CLANG_CXX_LIBRARY = "libc++";
				CLANG_ENABLE_MODULES = YES;
				CLANG_ENABLE_OBJC_ARC = YES;
				CLANG_WARN_BOOL_CONVERSION = YES;
				CLANG_WARN_CONSTANT_CONVERSION = YES;
				CLANG_WARN_DIRECT_OBJC_ISA_USAGE = YES_ERROR;
				CLANG_WARN_EMPTY_BODY = YES;
				CLANG_WARN_ENUM_CONVERSION = YES;
				CLANG_WARN_INT_CONVERSION = YES;
				CLANG_WARN_OBJC_ROOT_CLASS = YES_ERROR;
				CLANG_WARN_UNREACHABLE_CODE = YES;
				CLANG_WARN__DUPLICATE_METHOD_MATCH = YES;
				"CODE_SIGN_IDENTITY[sdk=iphoneos*]" = "iPhone Developer";
				COPY_PHASE_STRIP = NO;
				DEBUG_INFORMATION_FORMAT = dwarf;
				ENABLE_STRICT_OBJC_MSGSEND = YES;
				ENABLE_TESTABILITY = YES;
				GCC_C_LANGUAGE_STANDARD = gnu99;
				GCC_DYNAMIC_NO_PIC = NO;
				GCC_NO_COMMON_BLOCKS = YES;
				GCC_OPTIMIZATION_LEVEL = 0;
				GCC_PREPROCESSOR_DEFINITIONS = (
					"DEBUG=1",
					"$(inherited)",
				);
				GCC_WARN_64_TO_32_BIT_CONVERSION = YES;
				GCC_WARN_ABOUT_RETURN_TYPE = YES_ERROR;
				GCC_WARN_UNDECLARED_SELECTOR = YES;
				GCC_WARN_UNINITIALIZED_AUTOS = YES_AGGRESSIVE;
				GCC_WARN_UNUSED_FUNCTION = YES;
				GCC_WARN_UNUSED_VARIABLE = YES;
				IPHONEOS_DEPLOYMENT_TARGET = 9.3;
				MTL_ENABLE_DEBUG_INFO = YES;
				ONLY_ACTIVE_ARCH = YES;
				SDKROOT = iphoneos;
			};
			name = Debug;
		};
		EF5B113F1D6E9CA80045FB48 /* Release */ = {
			isa = XCBuildConfiguration;
			buildSettings = {
				ALWAYS_SEARCH_USER_PATHS = NO;
				CLANG_ANALYZER_NONNULL = YES;
				CLANG_CXX_LANGUAGE_STANDARD = "gnu++0x";
				CLANG_CXX_LIBRARY = "libc++";
				CLANG_ENABLE_MODULES = YES;
				CLANG_ENABLE_OBJC_ARC = YES;
				CLANG_WARN_BOOL_CONVERSION = YES;
				CLANG_WARN_CONSTANT_CONVERSION = YES;
				CLANG_WARN_DIRECT_OBJC_ISA_USAGE = YES_ERROR;
				CLANG_WARN_EMPTY_BODY = YES;
				CLANG_WARN_ENUM_CONVERSION = YES;
				CLANG_WARN_INT_CONVERSION = YES;
				CLANG_WARN_OBJC_ROOT_CLASS = YES_ERROR;
				CLANG_WARN_UNREACHABLE_CODE = YES;
				CLANG_WARN__DUPLICATE_METHOD_MATCH = YES;
				"CODE_SIGN_IDENTITY[sdk=iphoneos*]" = "iPhone Developer";
				COPY_PHASE_STRIP = NO;
				DEBUG_INFORMATION_FORMAT = "dwarf-with-dsym";
				ENABLE_NS_ASSERTIONS = NO;
				ENABLE_STRICT_OBJC_MSGSEND = YES;
				GCC_C_LANGUAGE_STANDARD = gnu99;
				GCC_NO_COMMON_BLOCKS = YES;
				GCC_WARN_64_TO_32_BIT_CONVERSION = YES;
				GCC_WARN_ABOUT_RETURN_TYPE = YES_ERROR;
				GCC_WARN_UNDECLARED_SELECTOR = YES;
				GCC_WARN_UNINITIALIZED_AUTOS = YES_AGGRESSIVE;
				GCC_WARN_UNUSED_FUNCTION = YES;
				GCC_WARN_UNUSED_VARIABLE = YES;
				IPHONEOS_DEPLOYMENT_TARGET = 9.3;
				MTL_ENABLE_DEBUG_INFO = NO;
				SDKROOT = iphoneos;
				VALIDATE_PRODUCT = YES;
			};
			name = Release;
		};
		EF5B11411D6E9CA80045FB48 /* Debug */ = {
			isa = XCBuildConfiguration;
			buildSettings = {
				ASSETCATALOG_COMPILER_APPICON_NAME = AppIcon;
				INFOPLIST_FILE = "01-RunLoop的相关类/Info.plist";
				LD_RUNPATH_SEARCH_PATHS = "$(inherited) @executable_path/Frameworks";
				PRODUCT_BUNDLE_IDENTIFIER = "com.iso.-1-RunLoop----";
				PRODUCT_NAME = "$(TARGET_NAME)";
			};
			name = Debug;
		};
		EF5B11421D6E9CA80045FB48 /* Release */ = {
			isa = XCBuildConfiguration;
			buildSettings = {
				ASSETCATALOG_COMPILER_APPICON_NAME = AppIcon;
				INFOPLIST_FILE = "01-RunLoop的相关类/Info.plist";
				LD_RUNPATH_SEARCH_PATHS = "$(inherited) @executable_path/Frameworks";
				PRODUCT_BUNDLE_IDENTIFIER = "com.iso.-1-RunLoop----";
				PRODUCT_NAME = "$(TARGET_NAME)";
			};
			name = Release;
		};
/* End XCBuildConfiguration section */

/* Begin XCConfigurationList section */
		EF5B11241D6E9CA80045FB48 /* Build configuration list for PBXProject "01-RunLoop的相关类" */ = {
			isa = XCConfigurationList;
			buildConfigurations = (
				EF5B113E1D6E9CA80045FB48 /* Debug */,
				EF5B113F1D6E9CA80045FB48 /* Release */,
			);
			defaultConfigurationIsVisible = 0;
			defaultConfigurationName = Release;
		};
		EF5B11401D6E9CA80045FB48 /* Build configuration list for PBXNativeTarget "01-RunLoop的相关类" */ = {
			isa = XCConfigurationList;
			buildConfigurations = (
				EF5B11411D6E9CA80045FB48 /* Debug */,
				EF5B11421D6E9CA80045FB48 /* Release */,
			);
			defaultConfigurationIsVisible = 0;
		};
/* End XCConfigurationList section */
	};
	rootObject = EF5B11211D6E9CA80045FB48 /* Project object */;
}
